// !$*UTF8*$!
{
	archiveVersion = 1;
	classes = {
	};
	objectVersion = 50;
	objects = {

/* Begin PBXBuildFile section */
		69B1585B22CFBDDE003F2238 /* AppDelegate.swift in Sources */ = {isa = PBXBuildFile; fileRef = 69B1585A22CFBDDE003F2238 /* AppDelegate.swift */; };
		69B1586022CFBDDE003F2238 /* Main.storyboard in Resources */ = {isa = PBXBuildFile; fileRef = 69B1585E22CFBDDE003F2238 /* Main.storyboard */; };
		69B1586222CFBDE3003F2238 /* Assets.xcassets in Resources */ = {isa = PBXBuildFile; fileRef = 69B1586122CFBDE3003F2238 /* Assets.xcassets */; };
		69B1586522CFBDE3003F2238 /* LaunchScreen.storyboard in Resources */ = {isa = PBXBuildFile; fileRef = 69B1586322CFBDE3003F2238 /* LaunchScreen.storyboard */; };
		69B1587222CFC405003F2238 /* CategoryTableViewController.swift in Sources */ = {isa = PBXBuildFile; fileRef = 69B1587122CFC405003F2238 /* CategoryTableViewController.swift */; };
		69B1587422CFC41C003F2238 /* MenuTableViewController.swift in Sources */ = {isa = PBXBuildFile; fileRef = 69B1587322CFC41C003F2238 /* MenuTableViewController.swift */; };
		69B1587622CFC46B003F2238 /* MenuItemDetailViewController.swift in Sources */ = {isa = PBXBuildFile; fileRef = 69B1587522CFC46B003F2238 /* MenuItemDetailViewController.swift */; };
		69B1587822CFC4DE003F2238 /* OrderTableViewController.swift in Sources */ = {isa = PBXBuildFile; fileRef = 69B1587722CFC4DE003F2238 /* OrderTableViewController.swift */; };
		69B1587A22CFC566003F2238 /* MenuItem.swift in Sources */ = {isa = PBXBuildFile; fileRef = 69B1587922CFC566003F2238 /* MenuItem.swift */; };
		69B1587C22CFC734003F2238 /* MenuItems.swift in Sources */ = {isa = PBXBuildFile; fileRef = 69B1587B22CFC734003F2238 /* MenuItems.swift */; };
		69B1587E22CFC814003F2238 /* Categories.swift in Sources */ = {isa = PBXBuildFile; fileRef = 69B1587D22CFC814003F2238 /* Categories.swift */; };
		69B1588022CFC857003F2238 /* PreparationTime.swift in Sources */ = {isa = PBXBuildFile; fileRef = 69B1587F22CFC857003F2238 /* PreparationTime.swift */; };
		69B1588222CFC8A9003F2238 /* Order.swift in Sources */ = {isa = PBXBuildFile; fileRef = 69B1588122CFC8A9003F2238 /* Order.swift */; };
		69B1588422CFCB52003F2238 /* MenuController.swift in Sources */ = {isa = PBXBuildFile; fileRef = 69B1588322CFCB52003F2238 /* MenuController.swift */; };
/* End PBXBuildFile section */

/* Begin PBXFileReference section */
		69B1585722CFBDDE003F2238 /* Restaurant 2019.07.app */ = {isa = PBXFileReference; explicitFileType = wrapper.application; includeInIndex = 0; path = "Restaurant 2019.07.app"; sourceTree = BUILT_PRODUCTS_DIR; };
		69B1585A22CFBDDE003F2238 /* AppDelegate.swift */ = {isa = PBXFileReference; lastKnownFileType = sourcecode.swift; path = AppDelegate.swift; sourceTree = "<group>"; };
		69B1585F22CFBDDE003F2238 /* Base */ = {isa = PBXFileReference; lastKnownFileType = file.storyboard; name = Base; path = Base.lproj/Main.storyboard; sourceTree = "<group>"; };
		69B1586122CFBDE3003F2238 /* Assets.xcassets */ = {isa = PBXFileReference; lastKnownFileType = folder.assetcatalog; path = Assets.xcassets; sourceTree = "<group>"; };
		69B1586422CFBDE3003F2238 /* Base */ = {isa = PBXFileReference; lastKnownFileType = file.storyboard; name = Base; path = Base.lproj/LaunchScreen.storyboard; sourceTree = "<group>"; };
		69B1586622CFBDE3003F2238 /* Info.plist */ = {isa = PBXFileReference; lastKnownFileType = text.plist.xml; path = Info.plist; sourceTree = "<group>"; };
		69B1587122CFC405003F2238 /* CategoryTableViewController.swift */ = {isa = PBXFileReference; lastKnownFileType = sourcecode.swift; path = CategoryTableViewController.swift; sourceTree = "<group>"; };
		69B1587322CFC41C003F2238 /* MenuTableViewController.swift */ = {isa = PBXFileReference; lastKnownFileType = sourcecode.swift; path = MenuTableViewController.swift; sourceTree = "<group>"; };
		69B1587522CFC46B003F2238 /* MenuItemDetailViewController.swift */ = {isa = PBXFileReference; lastKnownFileType = sourcecode.swift; path = MenuItemDetailViewController.swift; sourceTree = "<group>"; };
		69B1587722CFC4DE003F2238 /* OrderTableViewController.swift */ = {isa = PBXFileReference; lastKnownFileType = sourcecode.swift; path = OrderTableViewController.swift; sourceTree = "<group>"; };
		69B1587922CFC566003F2238 /* MenuItem.swift */ = {isa = PBXFileReference; lastKnownFileType = sourcecode.swift; path = MenuItem.swift; sourceTree = "<group>"; };
		69B1587B22CFC734003F2238 /* MenuItems.swift */ = {isa = PBXFileReference; lastKnownFileType = sourcecode.swift; path = MenuItems.swift; sourceTree = "<group>"; };
		69B1587D22CFC814003F2238 /* Categories.swift */ = {isa = PBXFileReference; lastKnownFileType = sourcecode.swift; path = Categories.swift; sourceTree = "<group>"; };
		69B1587F22CFC857003F2238 /* PreparationTime.swift */ = {isa = PBXFileReference; lastKnownFileType = sourcecode.swift; path = PreparationTime.swift; sourceTree = "<group>"; };
		69B1588122CFC8A9003F2238 /* Order.swift */ = {isa = PBXFileReference; lastKnownFileType = sourcecode.swift; path = Order.swift; sourceTree = "<group>"; };
		69B1588322CFCB52003F2238 /* MenuController.swift */ = {isa = PBXFileReference; lastKnownFileType = sourcecode.swift; path = MenuController.swift; sourceTree = "<group>"; };
/* End PBXFileReference section */

/* Begin PBXFrameworksBuildPhase section */
		69B1585422CFBDDE003F2238 /* Frameworks */ = {
			isa = PBXFrameworksBuildPhase;
			buildActionMask = 2147483647;
			files = (
			);
			runOnlyForDeploymentPostprocessing = 0;
		};
/* End PBXFrameworksBuildPhase section */

/* Begin PBXGroup section */
		69B1584E22CFBDDE003F2238 = {
			isa = PBXGroup;
			children = (
				69B1585922CFBDDE003F2238 /* Restaurant 2019.07 */,
				69B1585822CFBDDE003F2238 /* Products */,
			);
			sourceTree = "<group>";
		};
		69B1585822CFBDDE003F2238 /* Products */ = {
			isa = PBXGroup;
			children = (
				69B1585722CFBDDE003F2238 /* Restaurant 2019.07.app */,
			);
			name = Products;
			sourceTree = "<group>";
		};
		69B1585922CFBDDE003F2238 /* Restaurant 2019.07 */ = {
			isa = PBXGroup;
			children = (
				69B1586C22CFC29C003F2238 /* Models */,
				69B1586F22CFC2B9003F2238 /* Supporting Files */,
				69B1586D22CFC2A2003F2238 /* Other Controllers */,
				69B1586E22CFC2B0003F2238 /* View Controllers */,
				69B1587022CFC2C4003F2238 /* Views */,
			);
			path = "Restaurant 2019.07";
			sourceTree = "<group>";
		};
		69B1586C22CFC29C003F2238 /* Models */ = {
			isa = PBXGroup;
			children = (
				69B1587D22CFC814003F2238 /* Categories.swift */,
				69B1587922CFC566003F2238 /* MenuItem.swift */,
				69B1587B22CFC734003F2238 /* MenuItems.swift */,
				69B1588122CFC8A9003F2238 /* Order.swift */,
				69B1587F22CFC857003F2238 /* PreparationTime.swift */,
			);
			path = Models;
			sourceTree = "<group>";
		};
		69B1586D22CFC2A2003F2238 /* Other Controllers */ = {
			isa = PBXGroup;
			children = (
				69B1588322CFCB52003F2238 /* MenuController.swift */,
			);
			path = "Other Controllers";
			sourceTree = "<group>";
		};
		69B1586E22CFC2B0003F2238 /* View Controllers */ = {
			isa = PBXGroup;
			children = (
				69B1587122CFC405003F2238 /* CategoryTableViewController.swift */,
				69B1587322CFC41C003F2238 /* MenuTableViewController.swift */,
				69B1587522CFC46B003F2238 /* MenuItemDetailViewController.swift */,
				69B1587722CFC4DE003F2238 /* OrderTableViewController.swift */,
			);
			path = "View Controllers";
			sourceTree = "<group>";
		};
		69B1586F22CFC2B9003F2238 /* Supporting Files */ = {
			isa = PBXGroup;
			children = (
				69B1586122CFBDE3003F2238 /* Assets.xcassets */,
				69B1585A22CFBDDE003F2238 /* AppDelegate.swift */,
				69B1586622CFBDE3003F2238 /* Info.plist */,
			);
			path = "Supporting Files";
			sourceTree = "<group>";
		};
		69B1587022CFC2C4003F2238 /* Views */ = {
			isa = PBXGroup;
			children = (
				69B1585E22CFBDDE003F2238 /* Main.storyboard */,
				69B1586322CFBDE3003F2238 /* LaunchScreen.storyboard */,
			);
			path = Views;
			sourceTree = "<group>";
		};
/* End PBXGroup section */

/* Begin PBXNativeTarget section */
		69B1585622CFBDDE003F2238 /* Restaurant 2019.07 */ = {
			isa = PBXNativeTarget;
			buildConfigurationList = 69B1586922CFBDE3003F2238 /* Build configuration list for PBXNativeTarget "Restaurant 2019.07" */;
			buildPhases = (
				69B1585322CFBDDE003F2238 /* Sources */,
				69B1585422CFBDDE003F2238 /* Frameworks */,
				69B1585522CFBDDE003F2238 /* Resources */,
			);
			buildRules = (
			);
			dependencies = (
			);
			name = "Restaurant 2019.07";
			productName = "Restaurant 2019.07";
			productReference = 69B1585722CFBDDE003F2238 /* Restaurant 2019.07.app */;
			productType = "com.apple.product-type.application";
		};
/* End PBXNativeTarget section */

/* Begin PBXProject section */
		69B1584F22CFBDDE003F2238 /* Project object */ = {
			isa = PBXProject;
			attributes = {
				LastSwiftUpdateCheck = 1020;
				LastUpgradeCheck = 1020;
				ORGANIZATIONNAME = "Denis Bystruev";
				TargetAttributes = {
					69B1585622CFBDDE003F2238 = {
						CreatedOnToolsVersion = 10.2.1;
					};
				};
			};
			buildConfigurationList = 69B1585222CFBDDE003F2238 /* Build configuration list for PBXProject "Restaurant 2019.07" */;
			compatibilityVersion = "Xcode 9.3";
			developmentRegion = en;
			hasScannedForEncodings = 0;
			knownRegions = (
				en,
				Base,
			);
			mainGroup = 69B1584E22CFBDDE003F2238;
			productRefGroup = 69B1585822CFBDDE003F2238 /* Products */;
			projectDirPath = "";
			projectRoot = "";
			targets = (
				69B1585622CFBDDE003F2238 /* Restaurant 2019.07 */,
			);
		};
/* End PBXProject section */

/* Begin PBXResourcesBuildPhase section */
		69B1585522CFBDDE003F2238 /* Resources */ = {
			isa = PBXResourcesBuildPhase;
			buildActionMask = 2147483647;
			files = (
				69B1586522CFBDE3003F2238 /* LaunchScreen.storyboard in Resources */,
				69B1586222CFBDE3003F2238 /* Assets.xcassets in Resources */,
				69B1586022CFBDDE003F2238 /* Main.storyboard in Resources */,
			);
			runOnlyForDeploymentPostprocessing = 0;
		};
/* End PBXResourcesBuildPhase section */

/* Begin PBXSourcesBuildPhase section */
		69B1585322CFBDDE003F2238 /* Sources */ = {
			isa = PBXSourcesBuildPhase;
			buildActionMask = 2147483647;
			files = (
				69B1585B22CFBDDE003F2238 /* AppDelegate.swift in Sources */,
				69B1587E22CFC814003F2238 /* Categories.swift in Sources */,
				69B1588222CFC8A9003F2238 /* Order.swift in Sources */,
				69B1587822CFC4DE003F2238 /* OrderTableViewController.swift in Sources */,
				69B1587222CFC405003F2238 /* CategoryTableViewController.swift in Sources */,
				69B1588422CFCB52003F2238 /* MenuController.swift in Sources */,
				69B1587A22CFC566003F2238 /* MenuItem.swift in Sources */,
				69B1587C22CFC734003F2238 /* MenuItems.swift in Sources */,
				69B1588022CFC857003F2238 /* PreparationTime.swift in Sources */,
				69B1587422CFC41C003F2238 /* MenuTableViewController.swift in Sources */,
				69B1587622CFC46B003F2238 /* MenuItemDetailViewController.swift in Sources */,
			);
			runOnlyForDeploymentPostprocessing = 0;
		};
/* End PBXSourcesBuildPhase section */

/* Begin PBXVariantGroup section */
		69B1585E22CFBDDE003F2238 /* Main.storyboard */ = {
			isa = PBXVariantGroup;
			children = (
				69B1585F22CFBDDE003F2238 /* Base */,
			);
			name = Main.storyboard;
			sourceTree = "<group>";
		};
		69B1586322CFBDE3003F2238 /* LaunchScreen.storyboard */ = {
			isa = PBXVariantGroup;
			children = (
				69B1586422CFBDE3003F2238 /* Base */,
			);
			name = LaunchScreen.storyboard;
			sourceTree = "<group>";
		};
/* End PBXVariantGroup section */

/* Begin XCBuildConfiguration section */
		69B1586722CFBDE3003F2238 /* Debug */ = {
			isa = XCBuildConfiguration;
			buildSettings = {
				ALWAYS_SEARCH_USER_PATHS = NO;
				CLANG_ANALYZER_NONNULL = YES;
				CLANG_ANALYZER_NUMBER_OBJECT_CONVERSION = YES_AGGRESSIVE;
				CLANG_CXX_LANGUAGE_STANDARD = "gnu++14";
				CLANG_CXX_LIBRARY = "libc++";
				CLANG_ENABLE_MODULES = YES;
				CLANG_ENABLE_OBJC_ARC = YES;
				CLANG_ENABLE_OBJC_WEAK = YES;
				CLANG_WARN_BLOCK_CAPTURE_AUTORELEASING = YES;
				CLANG_WARN_BOOL_CONVERSION = YES;
				CLANG_WARN_COMMA = YES;
				CLANG_WARN_CONSTANT_CONVERSION = YES;
				CLANG_WARN_DEPRECATED_OBJC_IMPLEMENTATIONS = YES;
				CLANG_WARN_DIRECT_OBJC_ISA_USAGE = YES_ERROR;
				CLANG_WARN_DOCUMENTATION_COMMENTS = YES;
				CLANG_WARN_EMPTY_BODY = YES;
				CLANG_WARN_ENUM_CONVERSION = YES;
				CLANG_WARN_INFINITE_RECURSION = YES;
				CLANG_WARN_INT_CONVERSION = YES;
				CLANG_WARN_NON_LITERAL_NULL_CONVERSION = YES;
				CLANG_WARN_OBJC_IMPLICIT_RETAIN_SELF = YES;
				CLANG_WARN_OBJC_LITERAL_CONVERSION = YES;
				CLANG_WARN_OBJC_ROOT_CLASS = YES_ERROR;
				CLANG_WARN_RANGE_LOOP_ANALYSIS = YES;
				CLANG_WARN_STRICT_PROTOTYPES = YES;
				CLANG_WARN_SUSPICIOUS_MOVE = YES;
				CLANG_WARN_UNGUARDED_AVAILABILITY = YES_AGGRESSIVE;
				CLANG_WARN_UNREACHABLE_CODE = YES;
				CLANG_WARN__DUPLICATE_METHOD_MATCH = YES;
				CODE_SIGN_IDENTITY = "iPhone Developer";
				COPY_PHASE_STRIP = NO;
				DEBUG_INFORMATION_FORMAT = dwarf;
				ENABLE_STRICT_OBJC_MSGSEND = YES;
				ENABLE_TESTABILITY = YES;
				GCC_C_LANGUAGE_STANDARD = gnu11;
				GCC_DYNAMIC_NO_PIC = NO;
				GCC_NO_COMMON_BLOCKS = YES;
				GCC_OPTIMIZATION_LEVEL = 0;
				GCC_PREPROCESSOR_DEFINITIONS = (
					"DEBUG=1",
					"$(inherited)",
				);
				GCC_WARN_64_TO_32_BIT_CONVERSION = YES;
				GCC_WARN_ABOUT_RETURN_TYPE = YES_ERROR;
				GCC_WARN_UNDECLARED_SELECTOR = YES;
				GCC_WARN_UNINITIALIZED_AUTOS = YES_AGGRESSIVE;
				GCC_WARN_UNUSED_FUNCTION = YES;
				GCC_WARN_UNUSED_VARIABLE = YES;
				IPHONEOS_DEPLOYMENT_TARGET = 12.2;
				MTL_ENABLE_DEBUG_INFO = INCLUDE_SOURCE;
				MTL_FAST_MATH = YES;
				ONLY_ACTIVE_ARCH = YES;
				SDKROOT = iphoneos;
				SWIFT_ACTIVE_COMPILATION_CONDITIONS = DEBUG;
				SWIFT_OPTIMIZATION_LEVEL = "-Onone";
			};
			name = Debug;
		};
		69B1586822CFBDE3003F2238 /* Release */ = {
			isa = XCBuildConfiguration;
			buildSettings = {
				ALWAYS_SEARCH_USER_PATHS = NO;
				CLANG_ANALYZER_NONNULL = YES;
				CLANG_ANALYZER_NUMBER_OBJECT_CONVERSION = YES_AGGRESSIVE;
				CLANG_CXX_LANGUAGE_STANDARD = "gnu++14";
				CLANG_CXX_LIBRARY = "libc++";
				CLANG_ENABLE_MODULES = YES;
				CLANG_ENABLE_OBJC_ARC = YES;
				CLANG_ENABLE_OBJC_WEAK = YES;
				CLANG_WARN_BLOCK_CAPTURE_AUTORELEASING = YES;
				CLANG_WARN_BOOL_CONVERSION = YES;
				CLANG_WARN_COMMA = YES;
				CLANG_WARN_CONSTANT_CONVERSION = YES;
				CLANG_WARN_DEPRECATED_OBJC_IMPLEMENTATIONS = YES;
				CLANG_WARN_DIRECT_OBJC_ISA_USAGE = YES_ERROR;
				CLANG_WARN_DOCUMENTATION_COMMENTS = YES;
				CLANG_WARN_EMPTY_BODY = YES;
				CLANG_WARN_ENUM_CONVERSION = YES;
				CLANG_WARN_INFINITE_RECURSION = YES;
				CLANG_WARN_INT_CONVERSION = YES;
				CLANG_WARN_NON_LITERAL_NULL_CONVERSION = YES;
				CLANG_WARN_OBJC_IMPLICIT_RETAIN_SELF = YES;
				CLANG_WARN_OBJC_LITERAL_CONVERSION = YES;
				CLANG_WARN_OBJC_ROOT_CLASS = YES_ERROR;
				CLANG_WARN_RANGE_LOOP_ANALYSIS = YES;
				CLANG_WARN_STRICT_PROTOTYPES = YES;
				CLANG_WARN_SUSPICIOUS_MOVE = YES;
				CLANG_WARN_UNGUARDED_AVAILABILITY = YES_AGGRESSIVE;
				CLANG_WARN_UNREACHABLE_CODE = YES;
				CLANG_WARN__DUPLICATE_METHOD_MATCH = YES;
				CODE_SIGN_IDENTITY = "iPhone Developer";
				COPY_PHASE_STRIP = NO;
				DEBUG_INFORMATION_FORMAT = "dwarf-with-dsym";
				ENABLE_NS_ASSERTIONS = NO;
				ENABLE_STRICT_OBJC_MSGSEND = YES;
				GCC_C_LANGUAGE_STANDARD = gnu11;
				GCC_NO_COMMON_BLOCKS = YES;
				GCC_WARN_64_TO_32_BIT_CONVERSION = YES;
				GCC_WARN_ABOUT_RETURN_TYPE = YES_ERROR;
				GCC_WARN_UNDECLARED_SELECTOR = YES;
				GCC_WARN_UNINITIALIZED_AUTOS = YES_AGGRESSIVE;
				GCC_WARN_UNUSED_FUNCTION = YES;
				GCC_WARN_UNUSED_VARIABLE = YES;
				IPHONEOS_DEPLOYMENT_TARGET = 12.2;
				MTL_ENABLE_DEBUG_INFO = NO;
				MTL_FAST_MATH = YES;
				SDKROOT = iphoneos;
				SWIFT_COMPILATION_MODE = wholemodule;
				SWIFT_OPTIMIZATION_LEVEL = "-O";
				VALIDATE_PRODUCT = YES;
			};
			name = Release;
		};
		69B1586A22CFBDE3003F2238 /* Debug */ = {
			isa = XCBuildConfiguration;
			buildSettings = {
				ASSETCATALOG_COMPILER_APPICON_NAME = AppIcon;
				CODE_SIGN_STYLE = Automatic;
				DEVELOPMENT_TEAM = 8J39KF9DMS;
				INFOPLIST_FILE = "$(SRCROOT)/Restaurant 2019.07/Supporting Files/Info.plist";
				LD_RUNPATH_SEARCH_PATHS = (
					"$(inherited)",
					"@executable_path/Frameworks",
				);
				PRODUCT_BUNDLE_IDENTIFIER = "ru.learnSwift.Restaurant-2019-07";
				PRODUCT_NAME = "$(TARGET_NAME)";
				SWIFT_VERSION = 5.0;
				TARGETED_DEVICE_FAMILY = "1,2";
			};
			name = Debug;
		};
		69B1586B22CFBDE3003F2238 /* Release */ = {
			isa = XCBuildConfiguration;
			buildSettings = {
				ASSETCATALOG_COMPILER_APPICON_NAME = AppIcon;
				CODE_SIGN_STYLE = Automatic;
				DEVELOPMENT_TEAM = 8J39KF9DMS;
				INFOPLIST_FILE = "$(SRCROOT)/Restaurant 2019.07/Supporting Files/Info.plist";
				LD_RUNPATH_SEARCH_PATHS = (
					"$(inherited)",
					"@executable_path/Frameworks",
				);
				PRODUCT_BUNDLE_IDENTIFIER = "ru.learnSwift.Restaurant-2019-07";
				PRODUCT_NAME = "$(TARGET_NAME)";
				SWIFT_VERSION = 5.0;
				TARGETED_DEVICE_FAMILY = "1,2";
			};
			name = Release;
		};
/* End XCBuildConfiguration section */

/* Begin XCConfigurationList section */
		69B1585222CFBDDE003F2238 /* Build configuration list for PBXProject "Restaurant 2019.07" */ = {
			isa = XCConfigurationList;
			buildConfigurations = (
				69B1586722CFBDE3003F2238 /* Debug */,
				69B1586822CFBDE3003F2238 /* Release */,
			);
			defaultConfigurationIsVisible = 0;
			defaultConfigurationName = Release;
		};
		69B1586922CFBDE3003F2238 /* Build configuration list for PBXNativeTarget "Restaurant 2019.07" */ = {
			isa = XCConfigurationList;
			buildConfigurations = (
				69B1586A22CFBDE3003F2238 /* Debug */,
				69B1586B22CFBDE3003F2238 /* Release */,
			);
			defaultConfigurationIsVisible = 0;
			defaultConfigurationName = Release;
		};
/* End XCConfigurationList section */
	};
	rootObject = 69B1584F22CFBDDE003F2238 /* Project object */;
}
